// !$*UTF8*$!
{
	archiveVersion = 1;
	classes = {
	};
	objectVersion = 50;
	objects = {

/* Begin PBXBuildFile section */
		A242F4BB25B880240006A59B /* TheMovieTMDbSwiftUIApp.swift in Sources */ = {isa = PBXBuildFile; fileRef = A242F4BA25B880240006A59B /* TheMovieTMDbSwiftUIApp.swift */; };
		A242F4BD25B880240006A59B /* ContentView.swift in Sources */ = {isa = PBXBuildFile; fileRef = A242F4BC25B880240006A59B /* ContentView.swift */; };
		A242F4BF25B880280006A59B /* Assets.xcassets in Resources */ = {isa = PBXBuildFile; fileRef = A242F4BE25B880280006A59B /* Assets.xcassets */; };
		A242F4C225B880280006A59B /* Preview Assets.xcassets in Resources */ = {isa = PBXBuildFile; fileRef = A242F4C125B880280006A59B /* Preview Assets.xcassets */; };
		A242F4CD25B8C0EF0006A59B /* MovieInfo.swift in Sources */ = {isa = PBXBuildFile; fileRef = A242F4CC25B8C0EF0006A59B /* MovieInfo.swift */; };
		A242F4D025B8C1190006A59B /* Movie.swift in Sources */ = {isa = PBXBuildFile; fileRef = A242F4CF25B8C1190006A59B /* Movie.swift */; };
		A242F4D425B8C2CD0006A59B /* BackendError.swift in Sources */ = {isa = PBXBuildFile; fileRef = A242F4D325B8C2CD0006A59B /* BackendError.swift */; };
		A242F4D925B8CE3E0006A59B /* NetworkHelpers.swift in Sources */ = {isa = PBXBuildFile; fileRef = A242F4D825B8CE3E0006A59B /* NetworkHelpers.swift */; };
		A242F4DC25B8CFBF0006A59B /* URLComponentsService.swift in Sources */ = {isa = PBXBuildFile; fileRef = A242F4DB25B8CFBF0006A59B /* URLComponentsService.swift */; };
		A242F4DF25B8D1B00006A59B /* URLService.swift in Sources */ = {isa = PBXBuildFile; fileRef = A242F4DE25B8D1B00006A59B /* URLService.swift */; };
		A242F4E225B8D2460006A59B /* RequestService.swift in Sources */ = {isa = PBXBuildFile; fileRef = A242F4E125B8D2460006A59B /* RequestService.swift */; };
		A242F4E525B8D29C0006A59B /* DataTaskService.swift in Sources */ = {isa = PBXBuildFile; fileRef = A242F4E425B8D29C0006A59B /* DataTaskService.swift */; };
		A242F4E825B8D4150006A59B /* GETService.swift in Sources */ = {isa = PBXBuildFile; fileRef = A242F4E725B8D4140006A59B /* GETService.swift */; };
		A242F4EB25B8D63E0006A59B /* NetworkService.swift in Sources */ = {isa = PBXBuildFile; fileRef = A242F4EA25B8D63E0006A59B /* NetworkService.swift */; };
/* End PBXBuildFile section */

/* Begin PBXFileReference section */
		A242F4B725B880240006A59B /* TheMovieTMDbSwiftUI.app */ = {isa = PBXFileReference; explicitFileType = wrapper.application; includeInIndex = 0; path = TheMovieTMDbSwiftUI.app; sourceTree = BUILT_PRODUCTS_DIR; };
		A242F4BA25B880240006A59B /* TheMovieTMDbSwiftUIApp.swift */ = {isa = PBXFileReference; lastKnownFileType = sourcecode.swift; path = TheMovieTMDbSwiftUIApp.swift; sourceTree = "<group>"; };
		A242F4BC25B880240006A59B /* ContentView.swift */ = {isa = PBXFileReference; lastKnownFileType = sourcecode.swift; path = ContentView.swift; sourceTree = "<group>"; };
		A242F4BE25B880280006A59B /* Assets.xcassets */ = {isa = PBXFileReference; lastKnownFileType = folder.assetcatalog; path = Assets.xcassets; sourceTree = "<group>"; };
		A242F4C125B880280006A59B /* Preview Assets.xcassets */ = {isa = PBXFileReference; lastKnownFileType = folder.assetcatalog; path = "Preview Assets.xcassets"; sourceTree = "<group>"; };
		A242F4C325B880280006A59B /* Info.plist */ = {isa = PBXFileReference; lastKnownFileType = text.plist.xml; path = Info.plist; sourceTree = "<group>"; };
		A242F4CC25B8C0EF0006A59B /* MovieInfo.swift */ = {isa = PBXFileReference; lastKnownFileType = sourcecode.swift; path = MovieInfo.swift; sourceTree = "<group>"; };
		A242F4CF25B8C1190006A59B /* Movie.swift */ = {isa = PBXFileReference; lastKnownFileType = sourcecode.swift; path = Movie.swift; sourceTree = "<group>"; };
		A242F4D325B8C2CD0006A59B /* BackendError.swift */ = {isa = PBXFileReference; lastKnownFileType = sourcecode.swift; path = BackendError.swift; sourceTree = "<group>"; };
		A242F4D825B8CE3E0006A59B /* NetworkHelpers.swift */ = {isa = PBXFileReference; lastKnownFileType = sourcecode.swift; path = NetworkHelpers.swift; sourceTree = "<group>"; };
		A242F4DB25B8CFBF0006A59B /* URLComponentsService.swift */ = {isa = PBXFileReference; lastKnownFileType = sourcecode.swift; path = URLComponentsService.swift; sourceTree = "<group>"; };
		A242F4DE25B8D1B00006A59B /* URLService.swift */ = {isa = PBXFileReference; lastKnownFileType = sourcecode.swift; path = URLService.swift; sourceTree = "<group>"; };
		A242F4E125B8D2460006A59B /* RequestService.swift */ = {isa = PBXFileReference; lastKnownFileType = sourcecode.swift; path = RequestService.swift; sourceTree = "<group>"; };
		A242F4E425B8D29C0006A59B /* DataTaskService.swift */ = {isa = PBXFileReference; lastKnownFileType = sourcecode.swift; path = DataTaskService.swift; sourceTree = "<group>"; };
		A242F4E725B8D4140006A59B /* GETService.swift */ = {isa = PBXFileReference; lastKnownFileType = sourcecode.swift; path = GETService.swift; sourceTree = "<group>"; };
		A242F4EA25B8D63E0006A59B /* NetworkService.swift */ = {isa = PBXFileReference; lastKnownFileType = sourcecode.swift; path = NetworkService.swift; sourceTree = "<group>"; };
/* End PBXFileReference section */

/* Begin PBXFrameworksBuildPhase section */
		A242F4B425B880240006A59B /* Frameworks */ = {
			isa = PBXFrameworksBuildPhase;
			buildActionMask = 2147483647;
			files = (
			);
			runOnlyForDeploymentPostprocessing = 0;
		};
/* End PBXFrameworksBuildPhase section */

/* Begin PBXGroup section */
		A242F4AE25B880240006A59B = {
			isa = PBXGroup;
			children = (
				A242F4B925B880240006A59B /* TheMovieTMDbSwiftUI */,
				A242F4B825B880240006A59B /* Products */,
			);
			sourceTree = "<group>";
		};
		A242F4B825B880240006A59B /* Products */ = {
			isa = PBXGroup;
			children = (
				A242F4B725B880240006A59B /* TheMovieTMDbSwiftUI.app */,
			);
			name = Products;
			sourceTree = "<group>";
		};
		A242F4B925B880240006A59B /* TheMovieTMDbSwiftUI */ = {
			isa = PBXGroup;
			children = (
				A242F4D225B8C1750006A59B /* Networking */,
				A242F4CB25B8C0B60006A59B /* Model */,
				A242F4D725B8CE270006A59B /* Helpers */,
				A242F4BA25B880240006A59B /* TheMovieTMDbSwiftUIApp.swift */,
				A242F4BC25B880240006A59B /* ContentView.swift */,
				A242F4BE25B880280006A59B /* Assets.xcassets */,
				A242F4C325B880280006A59B /* Info.plist */,
				A242F4C025B880280006A59B /* Preview Content */,
			);
			path = TheMovieTMDbSwiftUI;
			sourceTree = "<group>";
		};
		A242F4C025B880280006A59B /* Preview Content */ = {
			isa = PBXGroup;
			children = (
				A242F4C125B880280006A59B /* Preview Assets.xcassets */,
			);
			path = "Preview Content";
			sourceTree = "<group>";
		};
		A242F4CB25B8C0B60006A59B /* Model */ = {
			isa = PBXGroup;
			children = (
				A242F4CC25B8C0EF0006A59B /* MovieInfo.swift */,
				A242F4CF25B8C1190006A59B /* Movie.swift */,
			);
			path = Model;
			sourceTree = "<group>";
		};
		A242F4D225B8C1750006A59B /* Networking */ = {
			isa = PBXGroup;
			children = (
				A242F4D325B8C2CD0006A59B /* BackendError.swift */,
				A242F4DB25B8CFBF0006A59B /* URLComponentsService.swift */,
				A242F4DE25B8D1B00006A59B /* URLService.swift */,
				A242F4E125B8D2460006A59B /* RequestService.swift */,
				A242F4E425B8D29C0006A59B /* DataTaskService.swift */,
				A242F4E725B8D4140006A59B /* GETService.swift */,
				A242F4EA25B8D63E0006A59B /* NetworkService.swift */,
			);
			path = Networking;
			sourceTree = "<group>";
		};
		A242F4D725B8CE270006A59B /* Helpers */ = {
			isa = PBXGroup;
			children = (
				A242F4D825B8CE3E0006A59B /* NetworkHelpers.swift */,
			);
			path = Helpers;
			sourceTree = "<group>";
		};
/* End PBXGroup section */

/* Begin PBXNativeTarget section */
		A242F4B625B880240006A59B /* TheMovieTMDbSwiftUI */ = {
			isa = PBXNativeTarget;
			buildConfigurationList = A242F4C625B880280006A59B /* Build configuration list for PBXNativeTarget "TheMovieTMDbSwiftUI" */;
			buildPhases = (
				A242F4B325B880240006A59B /* Sources */,
				A242F4B425B880240006A59B /* Frameworks */,
				A242F4B525B880240006A59B /* Resources */,
			);
			buildRules = (
			);
			dependencies = (
			);
			name = TheMovieTMDbSwiftUI;
			productName = TheMovieTMDbSwiftUI;
			productReference = A242F4B725B880240006A59B /* TheMovieTMDbSwiftUI.app */;
			productType = "com.apple.product-type.application";
		};
/* End PBXNativeTarget section */

/* Begin PBXProject section */
		A242F4AF25B880240006A59B /* Project object */ = {
			isa = PBXProject;
			attributes = {
				LastSwiftUpdateCheck = 1230;
				LastUpgradeCheck = 1230;
				TargetAttributes = {
					A242F4B625B880240006A59B = {
						CreatedOnToolsVersion = 12.3;
					};
				};
			};
			buildConfigurationList = A242F4B225B880240006A59B /* Build configuration list for PBXProject "TheMovieTMDbSwiftUI" */;
			compatibilityVersion = "Xcode 9.3";
			developmentRegion = en;
			hasScannedForEncodings = 0;
			knownRegions = (
				en,
				Base,
			);
			mainGroup = A242F4AE25B880240006A59B;
			productRefGroup = A242F4B825B880240006A59B /* Products */;
			projectDirPath = "";
			projectRoot = "";
			targets = (
				A242F4B625B880240006A59B /* TheMovieTMDbSwiftUI */,
			);
		};
/* End PBXProject section */

/* Begin PBXResourcesBuildPhase section */
		A242F4B525B880240006A59B /* Resources */ = {
			isa = PBXResourcesBuildPhase;
			buildActionMask = 2147483647;
			files = (
				A242F4C225B880280006A59B /* Preview Assets.xcassets in Resources */,
				A242F4BF25B880280006A59B /* Assets.xcassets in Resources */,
			);
			runOnlyForDeploymentPostprocessing = 0;
		};
/* End PBXResourcesBuildPhase section */

/* Begin PBXSourcesBuildPhase section */
		A242F4B325B880240006A59B /* Sources */ = {
			isa = PBXSourcesBuildPhase;
			buildActionMask = 2147483647;
			files = (
				A242F4DC25B8CFBF0006A59B /* URLComponentsService.swift in Sources */,
				A242F4E225B8D2460006A59B /* RequestService.swift in Sources */,
				A242F4D925B8CE3E0006A59B /* NetworkHelpers.swift in Sources */,
				A242F4BD25B880240006A59B /* ContentView.swift in Sources */,
				A242F4E525B8D29C0006A59B /* DataTaskService.swift in Sources */,
				A242F4CD25B8C0EF0006A59B /* MovieInfo.swift in Sources */,
				A242F4D425B8C2CD0006A59B /* BackendError.swift in Sources */,
				A242F4D025B8C1190006A59B /* Movie.swift in Sources */,
				A242F4E825B8D4150006A59B /* GETService.swift in Sources */,
				A242F4BB25B880240006A59B /* TheMovieTMDbSwiftUIApp.swift in Sources */,
				A242F4EB25B8D63E0006A59B /* NetworkService.swift in Sources */,
				A242F4DF25B8D1B00006A59B /* URLService.swift in Sources */,
			);
			runOnlyForDeploymentPostprocessing = 0;
		};
/* End PBXSourcesBuildPhase section */

/* Begin XCBuildConfiguration section */
		A242F4C425B880280006A59B /* Debug */ = {
			isa = XCBuildConfiguration;
			buildSettings = {
				ALWAYS_SEARCH_USER_PATHS = NO;
				CLANG_ANALYZER_NONNULL = YES;
				CLANG_ANALYZER_NUMBER_OBJECT_CONVERSION = YES_AGGRESSIVE;
				CLANG_CXX_LANGUAGE_STANDARD = "gnu++14";
				CLANG_CXX_LIBRARY = "libc++";
				CLANG_ENABLE_MODULES = YES;
				CLANG_ENABLE_OBJC_ARC = YES;
				CLANG_ENABLE_OBJC_WEAK = YES;
				CLANG_WARN_BLOCK_CAPTURE_AUTORELEASING = YES;
				CLANG_WARN_BOOL_CONVERSION = YES;
				CLANG_WARN_COMMA = YES;
				CLANG_WARN_CONSTANT_CONVERSION = YES;
				CLANG_WARN_DEPRECATED_OBJC_IMPLEMENTATIONS = YES;
				CLANG_WARN_DIRECT_OBJC_ISA_USAGE = YES_ERROR;
				CLANG_WARN_DOCUMENTATION_COMMENTS = YES;
				CLANG_WARN_EMPTY_BODY = YES;
				CLANG_WARN_ENUM_CONVERSION = YES;
				CLANG_WARN_INFINITE_RECURSION = YES;
				CLANG_WARN_INT_CONVERSION = YES;
				CLANG_WARN_NON_LITERAL_NULL_CONVERSION = YES;
				CLANG_WARN_OBJC_IMPLICIT_RETAIN_SELF = YES;
				CLANG_WARN_OBJC_LITERAL_CONVERSION = YES;
				CLANG_WARN_OBJC_ROOT_CLASS = YES_ERROR;
				CLANG_WARN_QUOTED_INCLUDE_IN_FRAMEWORK_HEADER = YES;
				CLANG_WARN_RANGE_LOOP_ANALYSIS = YES;
				CLANG_WARN_STRICT_PROTOTYPES = YES;
				CLANG_WARN_SUSPICIOUS_MOVE = YES;
				CLANG_WARN_UNGUARDED_AVAILABILITY = YES_AGGRESSIVE;
				CLANG_WARN_UNREACHABLE_CODE = YES;
				CLANG_WARN__DUPLICATE_METHOD_MATCH = YES;
				COPY_PHASE_STRIP = NO;
				DEBUG_INFORMATION_FORMAT = dwarf;
				ENABLE_STRICT_OBJC_MSGSEND = YES;
				ENABLE_TESTABILITY = YES;
				GCC_C_LANGUAGE_STANDARD = gnu11;
				GCC_DYNAMIC_NO_PIC = NO;
				GCC_NO_COMMON_BLOCKS = YES;
				GCC_OPTIMIZATION_LEVEL = 0;
				GCC_PREPROCESSOR_DEFINITIONS = (
					"DEBUG=1",
					"$(inherited)",
				);
				GCC_WARN_64_TO_32_BIT_CONVERSION = YES;
				GCC_WARN_ABOUT_RETURN_TYPE = YES_ERROR;
				GCC_WARN_UNDECLARED_SELECTOR = YES;
				GCC_WARN_UNINITIALIZED_AUTOS = YES_AGGRESSIVE;
				GCC_WARN_UNUSED_FUNCTION = YES;
				GCC_WARN_UNUSED_VARIABLE = YES;
				IPHONEOS_DEPLOYMENT_TARGET = 14.3;
				MTL_ENABLE_DEBUG_INFO = INCLUDE_SOURCE;
				MTL_FAST_MATH = YES;
				ONLY_ACTIVE_ARCH = YES;
				SDKROOT = iphoneos;
				SWIFT_ACTIVE_COMPILATION_CONDITIONS = DEBUG;
				SWIFT_OPTIMIZATION_LEVEL = "-Onone";
			};
			name = Debug;
		};
		A242F4C525B880280006A59B /* Release */ = {
			isa = XCBuildConfiguration;
			buildSettings = {
				ALWAYS_SEARCH_USER_PATHS = NO;
				CLANG_ANALYZER_NONNULL = YES;
				CLANG_ANALYZER_NUMBER_OBJECT_CONVERSION = YES_AGGRESSIVE;
				CLANG_CXX_LANGUAGE_STANDARD = "gnu++14";
				CLANG_CXX_LIBRARY = "libc++";
				CLANG_ENABLE_MODULES = YES;
				CLANG_ENABLE_OBJC_ARC = YES;
				CLANG_ENABLE_OBJC_WEAK = YES;
				CLANG_WARN_BLOCK_CAPTURE_AUTORELEASING = YES;
				CLANG_WARN_BOOL_CONVERSION = YES;
				CLANG_WARN_COMMA = YES;
				CLANG_WARN_CONSTANT_CONVERSION = YES;
				CLANG_WARN_DEPRECATED_OBJC_IMPLEMENTATIONS = YES;
				CLANG_WARN_DIRECT_OBJC_ISA_USAGE = YES_ERROR;
				CLANG_WARN_DOCUMENTATION_COMMENTS = YES;
				CLANG_WARN_EMPTY_BODY = YES;
				CLANG_WARN_ENUM_CONVERSION = YES;
				CLANG_WARN_INFINITE_RECURSION = YES;
				CLANG_WARN_INT_CONVERSION = YES;
				CLANG_WARN_NON_LITERAL_NULL_CONVERSION = YES;
				CLANG_WARN_OBJC_IMPLICIT_RETAIN_SELF = YES;
				CLANG_WARN_OBJC_LITERAL_CONVERSION = YES;
				CLANG_WARN_OBJC_ROOT_CLASS = YES_ERROR;
				CLANG_WARN_QUOTED_INCLUDE_IN_FRAMEWORK_HEADER = YES;
				CLANG_WARN_RANGE_LOOP_ANALYSIS = YES;
				CLANG_WARN_STRICT_PROTOTYPES = YES;
				CLANG_WARN_SUSPICIOUS_MOVE = YES;
				CLANG_WARN_UNGUARDED_AVAILABILITY = YES_AGGRESSIVE;
				CLANG_WARN_UNREACHABLE_CODE = YES;
				CLANG_WARN__DUPLICATE_METHOD_MATCH = YES;
				COPY_PHASE_STRIP = NO;
				DEBUG_INFORMATION_FORMAT = "dwarf-with-dsym";
				ENABLE_NS_ASSERTIONS = NO;
				ENABLE_STRICT_OBJC_MSGSEND = YES;
				GCC_C_LANGUAGE_STANDARD = gnu11;
				GCC_NO_COMMON_BLOCKS = YES;
				GCC_WARN_64_TO_32_BIT_CONVERSION = YES;
				GCC_WARN_ABOUT_RETURN_TYPE = YES_ERROR;
				GCC_WARN_UNDECLARED_SELECTOR = YES;
				GCC_WARN_UNINITIALIZED_AUTOS = YES_AGGRESSIVE;
				GCC_WARN_UNUSED_FUNCTION = YES;
				GCC_WARN_UNUSED_VARIABLE = YES;
				IPHONEOS_DEPLOYMENT_TARGET = 14.3;
				MTL_ENABLE_DEBUG_INFO = NO;
				MTL_FAST_MATH = YES;
				SDKROOT = iphoneos;
				SWIFT_COMPILATION_MODE = wholemodule;
				SWIFT_OPTIMIZATION_LEVEL = "-O";
				VALIDATE_PRODUCT = YES;
			};
			name = Release;
		};
		A242F4C725B880280006A59B /* Debug */ = {
			isa = XCBuildConfiguration;
			buildSettings = {
				ASSETCATALOG_COMPILER_APPICON_NAME = AppIcon;
				ASSETCATALOG_COMPILER_GLOBAL_ACCENT_COLOR_NAME = AccentColor;
				CODE_SIGN_STYLE = Automatic;
				DEVELOPMENT_ASSET_PATHS = "\"TheMovieTMDbSwiftUI/Preview Content\"";
				DEVELOPMENT_TEAM = GY47Z2W3K9;
				ENABLE_PREVIEWS = YES;
				INFOPLIST_FILE = TheMovieTMDbSwiftUI/Info.plist;
				IPHONEOS_DEPLOYMENT_TARGET = 14.0;
				LD_RUNPATH_SEARCH_PATHS = (
					"$(inherited)",
					"@executable_path/Frameworks",
				);
				PRODUCT_BUNDLE_IDENTIFIER = Bardincom.TheMovieTMDbSwiftUI;
				PRODUCT_NAME = "$(TARGET_NAME)";
				SWIFT_VERSION = 5.0;
				TARGETED_DEVICE_FAMILY = "1,2";
			};
			name = Debug;
		};
		A242F4C825B880280006A59B /* Release */ = {
			isa = XCBuildConfiguration;
			buildSettings = {
				ASSETCATALOG_COMPILER_APPICON_NAME = AppIcon;
				ASSETCATALOG_COMPILER_GLOBAL_ACCENT_COLOR_NAME = AccentColor;
				CODE_SIGN_STYLE = Automatic;
				DEVELOPMENT_ASSET_PATHS = "\"TheMovieTMDbSwiftUI/Preview Content\"";
				DEVELOPMENT_TEAM = GY47Z2W3K9;
				ENABLE_PREVIEWS = YES;
				INFOPLIST_FILE = TheMovieTMDbSwiftUI/Info.plist;
				IPHONEOS_DEPLOYMENT_TARGET = 14.0;
				LD_RUNPATH_SEARCH_PATHS = (
					"$(inherited)",
					"@executable_path/Frameworks",
				);
				PRODUCT_BUNDLE_IDENTIFIER = Bardincom.TheMovieTMDbSwiftUI;
				PRODUCT_NAME = "$(TARGET_NAME)";
				SWIFT_VERSION = 5.0;
				TARGETED_DEVICE_FAMILY = "1,2";
			};
			name = Release;
		};
/* End XCBuildConfiguration section */

/* Begin XCConfigurationList section */
		A242F4B225B880240006A59B /* Build configuration list for PBXProject "TheMovieTMDbSwiftUI" */ = {
			isa = XCConfigurationList;
			buildConfigurations = (
				A242F4C425B880280006A59B /* Debug */,
				A242F4C525B880280006A59B /* Release */,
			);
			defaultConfigurationIsVisible = 0;
			defaultConfigurationName = Release;
		};
		A242F4C625B880280006A59B /* Build configuration list for PBXNativeTarget "TheMovieTMDbSwiftUI" */ = {
			isa = XCConfigurationList;
			buildConfigurations = (
				A242F4C725B880280006A59B /* Debug */,
				A242F4C825B880280006A59B /* Release */,
			);
			defaultConfigurationIsVisible = 0;
			defaultConfigurationName = Release;
		};
/* End XCConfigurationList section */
	};
	rootObject = A242F4AF25B880240006A59B /* Project object */;
}
